<?xml version="1.0" encoding="utf-8"?>
<Project ToolsVersion="4.0" xmlns="http://schemas.microsoft.com/developer/msbuild/2003">
  <ItemGroup>
    <Filter Include="Source Files">
      <UniqueIdentifier>{4FC737F1-C7A5-4376-A066-2A32D752A2FF}</UniqueIdentifier>
      <Extensions>cpp;c;cc;cxx;def;odl;idl;hpj;bat;asm;asmx</Extensions>
    </Filter>
    <Filter Include="Header Files">
      <UniqueIdentifier>{93995380-89BD-4b04-88EB-625FBE52EBFB}</UniqueIdentifier>
      <Extensions>h;hh;hpp;hxx;hm;inl;inc;xsd</Extensions>
    </Filter>
    <Filter Include="Resource Files">
      <UniqueIdentifier>{67DA6AB6-F800-4c08-8B7A-83BB121AAD01}</UniqueIdentifier>
      <Extensions>rc;ico;cur;bmp;dlg;rc2;rct;bin;rgs;gif;jpg;jpeg;jpe;resx;tiff;tif;png;wav;mfcribbon-ms</Extensions>
    </Filter>
  </ItemGroup>
  <ItemGroup>
    <None Include="README.md" />
    <None Include="bin\YTN-E608-WIFI-6432.uvproj" />
    <None Include="hw\YTN1-E608(Key)按键板..schdoc" />
    <None Include="hw\YTN1-E608(Main)V1.4显示板..schdoc" />
    <None Include="hw\YTN1-E608-WIFI_V1[增加模块选择电路]..schdoc" />
    <None Include="hw\YTN1-E608-WIFI_V1_6432..schdoc" />
    <None Include="hw\YTN1-POWER1-RoHS.schdoc" />
    <None Include=".gitignore" />
  </ItemGroup>
  <ItemGroup>
    <ClInclude Include="src\heads.h">
      <Filter>Header Files</Filter>
    </ClInclude>
    <ClInclude Include="src\macrodef.h">
      <Filter>Header Files</Filter>
    </ClInclude>
    <ClInclude Include="src\MC96F6432.h">
      <Filter>Header Files</Filter>
    </ClInclude>
    <ClInclude Include="src\typedef.h">
      <Filter>Header Files</Filter>
    </ClInclude>
    <ClInclude Include="src\bsp\bsp_init.h">
      <Filter>Header Files</Filter>
    </ClInclude>
    <ClInclude Include="src\it.h">
      <Filter>Header Files</Filter>
    </ClInclude>
    <ClInclude Include="src\bsp\aip1944.h">
      <Filter>Header Files</Filter>
    </ClInclude>
    <ClInclude Include="src\bsp\display.h">
      <Filter>Header Files</Filter>
    </ClInclude>
    <ClInclude Include="src\protocol\fifo.h">
      <Filter>Header Files</Filter>
    </ClInclude>
    <ClInclude Include="src\protocol\protocol.h">
      <Filter>Header Files</Filter>
    </ClInclude>
    <ClInclude Include="src\protocol\uart.h">
      <Filter>Header Files</Filter>
    </ClInclude>
    <ClInclude Include="src\fsm\fsm.h">
      <Filter>Header Files</Filter>
    </ClInclude>
    <ClInclude Include="src\fsm\test\state_test.h">
      <Filter>Header Files</Filter>
    </ClInclude>
    <ClInclude Include="src\bsp\buzzer.h">
      <Filter>Header Files</Filter>
    </ClInclude>
    <ClInclude Include="src\bsp\key.h">
      <Filter>Header Files</Filter>
    </ClInclude>
    <ClInclude Include="src\bsp\ir.h">
      <Filter>Header Files</Filter>
    </ClInclude>
    <ClInclude Include="src\bsp\humidity.h">
      <Filter>Header Files</Filter>
    </ClInclude>
    <ClInclude Include="src\bsp\dust.h">
      <Filter>Header Files</Filter>
    </ClInclude>
  </ItemGroup>
  <ItemGroup>
    <ClCompile Include="src\main.c">
      <Filter>Source Files</Filter>
    </ClCompile>
    <ClCompile Include="src\bsp\bsp_init.c">
      <Filter>Source Files</Filter>
    </ClCompile>
    <ClCompile Include="src\it.c">
      <Filter>Source Files</Filter>
    </ClCompile>
    <ClCompile Include="src\bsp\aip1944.c">
      <Filter>Source Files</Filter>
    </ClCompile>
    <ClCompile Include="src\bsp\display.c">
      <Filter>Source Files</Filter>
    </ClCompile>
    <ClCompile Include="src\protocol\fifo.c">
      <Filter>Source Files</Filter>
    </ClCompile>
    <ClCompile Include="src\protocol\protocol.c">
      <Filter>Source Files</Filter>
    </ClCompile>
    <ClCompile Include="src\protocol\uart.c">
      <Filter>Source Files</Filter>
    </ClCompile>
    <ClCompile Include="src\fsm\fsm.c">
      <Filter>Source Files</Filter>
    </ClCompile>
    <ClCompile Include="src\fsm\test\state_test.c">
      <Filter>Source Files</Filter>
    </ClCompile>
    <ClCompile Include="src\bsp\buzzer.c">
      <Filter>Source Files</Filter>
    </ClCompile>
    <ClCompile Include="src\bsp\key.c">
      <Filter>Source Files</Filter>
    </ClCompile>
    <ClCompile Include="src\bsp\ir.c">
      <Filter>Source Files</Filter>
    </ClCompile>
    <ClCompile Include="src\bsp\humidity.c">
      <Filter>Source Files</Filter>
    </ClCompile>
    <ClCompile Include="src\bsp\dust.c">
      <Filter>Source Files</Filter>
    </ClCompile>
  </ItemGroup>
</Project>